// !$*UTF8*$!
{
	archiveVersion = 1;
	classes = {
	};
	objectVersion = 55;
	objects = {

/* Begin PBXBuildFile section */
		C506FB4326BE708800EAF33C /* CSLogButtton.swift in Sources */ = {isa = PBXBuildFile; fileRef = C506FB4226BE708800EAF33C /* CSLogButtton.swift */; };
		C528550426B2F269006F67C2 /* AppDelegate.swift in Sources */ = {isa = PBXBuildFile; fileRef = C528550326B2F269006F67C2 /* AppDelegate.swift */; };
		C528550626B2F269006F67C2 /* SceneDelegate.swift in Sources */ = {isa = PBXBuildFile; fileRef = C528550526B2F269006F67C2 /* SceneDelegate.swift */; };
		C528550B26B2F269006F67C2 /* Main.storyboard in Resources */ = {isa = PBXBuildFile; fileRef = C528550926B2F269006F67C2 /* Main.storyboard */; };
		C528550E26B2F269006F67C2 /* MyMemo.xcdatamodeld in Sources */ = {isa = PBXBuildFile; fileRef = C528550C26B2F269006F67C2 /* MyMemo.xcdatamodeld */; };
		C528551026B2F269006F67C2 /* Assets.xcassets in Resources */ = {isa = PBXBuildFile; fileRef = C528550F26B2F269006F67C2 /* Assets.xcassets */; };
		C528551326B2F269006F67C2 /* LaunchScreen.storyboard in Resources */ = {isa = PBXBuildFile; fileRef = C528551126B2F269006F67C2 /* LaunchScreen.storyboard */; };
		C528551E26B2F269006F67C2 /* MyMemoTests.swift in Sources */ = {isa = PBXBuildFile; fileRef = C528551D26B2F269006F67C2 /* MyMemoTests.swift */; };
		C528552826B2F269006F67C2 /* MyMemoUITests.swift in Sources */ = {isa = PBXBuildFile; fileRef = C528552726B2F269006F67C2 /* MyMemoUITests.swift */; };
		C57D652226B6F37D00C05AE4 /* MemoWriteVC.swift in Sources */ = {isa = PBXBuildFile; fileRef = C57D652126B6F37D00C05AE4 /* MemoWriteVC.swift */; };
		C57D652426B6F39E00C05AE4 /* MemoReadVC.swift in Sources */ = {isa = PBXBuildFile; fileRef = C57D652326B6F39E00C05AE4 /* MemoReadVC.swift */; };
		C57D652626B6F3E600C05AE4 /* MemoListVC.swift in Sources */ = {isa = PBXBuildFile; fileRef = C57D652526B6F3E600C05AE4 /* MemoListVC.swift */; };
		C57D652826B6F43500C05AE4 /* MemoCell.swift in Sources */ = {isa = PBXBuildFile; fileRef = C57D652726B6F43500C05AE4 /* MemoCell.swift */; };
		C57D652A26B6F4B400C05AE4 /* MemoData.swift in Sources */ = {isa = PBXBuildFile; fileRef = C57D652926B6F4B400C05AE4 /* MemoData.swift */; };
/* End PBXBuildFile section */

/* Begin PBXContainerItemProxy section */
		C528551A26B2F269006F67C2 /* PBXContainerItemProxy */ = {
			isa = PBXContainerItemProxy;
			containerPortal = C52854F826B2F269006F67C2 /* Project object */;
			proxyType = 1;
			remoteGlobalIDString = C52854FF26B2F269006F67C2;
			remoteInfo = MyMemo;
		};
		C528552426B2F269006F67C2 /* PBXContainerItemProxy */ = {
			isa = PBXContainerItemProxy;
			containerPortal = C52854F826B2F269006F67C2 /* Project object */;
			proxyType = 1;
			remoteGlobalIDString = C52854FF26B2F269006F67C2;
			remoteInfo = MyMemo;
		};
/* End PBXContainerItemProxy section */

/* Begin PBXFileReference section */
		C506FB4226BE708800EAF33C /* CSLogButtton.swift */ = {isa = PBXFileReference; lastKnownFileType = sourcecode.swift; path = CSLogButtton.swift; sourceTree = "<group>"; };
		C528550026B2F269006F67C2 /* MyMemo.app */ = {isa = PBXFileReference; explicitFileType = wrapper.application; includeInIndex = 0; path = MyMemo.app; sourceTree = BUILT_PRODUCTS_DIR; };
		C528550326B2F269006F67C2 /* AppDelegate.swift */ = {isa = PBXFileReference; lastKnownFileType = sourcecode.swift; path = AppDelegate.swift; sourceTree = "<group>"; };
		C528550526B2F269006F67C2 /* SceneDelegate.swift */ = {isa = PBXFileReference; lastKnownFileType = sourcecode.swift; path = SceneDelegate.swift; sourceTree = "<group>"; };
		C528550A26B2F269006F67C2 /* Base */ = {isa = PBXFileReference; lastKnownFileType = file.storyboard; name = Base; path = Base.lproj/Main.storyboard; sourceTree = "<group>"; };
		C528550D26B2F269006F67C2 /* MyMemo.xcdatamodel */ = {isa = PBXFileReference; lastKnownFileType = wrapper.xcdatamodel; path = MyMemo.xcdatamodel; sourceTree = "<group>"; };
		C528550F26B2F269006F67C2 /* Assets.xcassets */ = {isa = PBXFileReference; lastKnownFileType = folder.assetcatalog; path = Assets.xcassets; sourceTree = "<group>"; };
		C528551226B2F269006F67C2 /* Base */ = {isa = PBXFileReference; lastKnownFileType = file.storyboard; name = Base; path = Base.lproj/LaunchScreen.storyboard; sourceTree = "<group>"; };
		C528551426B2F269006F67C2 /* Info.plist */ = {isa = PBXFileReference; lastKnownFileType = text.plist.xml; path = Info.plist; sourceTree = "<group>"; };
		C528551926B2F269006F67C2 /* MyMemoTests.xctest */ = {isa = PBXFileReference; explicitFileType = wrapper.cfbundle; includeInIndex = 0; path = MyMemoTests.xctest; sourceTree = BUILT_PRODUCTS_DIR; };
		C528551D26B2F269006F67C2 /* MyMemoTests.swift */ = {isa = PBXFileReference; lastKnownFileType = sourcecode.swift; path = MyMemoTests.swift; sourceTree = "<group>"; };
		C528552326B2F269006F67C2 /* MyMemoUITests.xctest */ = {isa = PBXFileReference; explicitFileType = wrapper.cfbundle; includeInIndex = 0; path = MyMemoUITests.xctest; sourceTree = BUILT_PRODUCTS_DIR; };
		C528552726B2F269006F67C2 /* MyMemoUITests.swift */ = {isa = PBXFileReference; lastKnownFileType = sourcecode.swift; path = MyMemoUITests.swift; sourceTree = "<group>"; };
		C57D652126B6F37D00C05AE4 /* MemoWriteVC.swift */ = {isa = PBXFileReference; lastKnownFileType = sourcecode.swift; path = MemoWriteVC.swift; sourceTree = "<group>"; };
		C57D652326B6F39E00C05AE4 /* MemoReadVC.swift */ = {isa = PBXFileReference; lastKnownFileType = sourcecode.swift; path = MemoReadVC.swift; sourceTree = "<group>"; };
		C57D652526B6F3E600C05AE4 /* MemoListVC.swift */ = {isa = PBXFileReference; lastKnownFileType = sourcecode.swift; path = MemoListVC.swift; sourceTree = "<group>"; };
		C57D652726B6F43500C05AE4 /* MemoCell.swift */ = {isa = PBXFileReference; lastKnownFileType = sourcecode.swift; path = MemoCell.swift; sourceTree = "<group>"; };
		C57D652926B6F4B400C05AE4 /* MemoData.swift */ = {isa = PBXFileReference; lastKnownFileType = sourcecode.swift; path = MemoData.swift; sourceTree = "<group>"; };
/* End PBXFileReference section */

/* Begin PBXFrameworksBuildPhase section */
		C52854FD26B2F269006F67C2 /* Frameworks */ = {
			isa = PBXFrameworksBuildPhase;
			buildActionMask = 2147483647;
			files = (
			);
			runOnlyForDeploymentPostprocessing = 0;
		};
		C528551626B2F269006F67C2 /* Frameworks */ = {
			isa = PBXFrameworksBuildPhase;
			buildActionMask = 2147483647;
			files = (
			);
			runOnlyForDeploymentPostprocessing = 0;
		};
		C528552026B2F269006F67C2 /* Frameworks */ = {
			isa = PBXFrameworksBuildPhase;
			buildActionMask = 2147483647;
			files = (
			);
			runOnlyForDeploymentPostprocessing = 0;
		};
/* End PBXFrameworksBuildPhase section */

/* Begin PBXGroup section */
		C52854F726B2F269006F67C2 = {
			isa = PBXGroup;
			children = (
				C528550226B2F269006F67C2 /* MyMemo */,
				C528551C26B2F269006F67C2 /* MyMemoTests */,
				C528552626B2F269006F67C2 /* MyMemoUITests */,
				C528550126B2F269006F67C2 /* Products */,
			);
			sourceTree = "<group>";
		};
		C528550126B2F269006F67C2 /* Products */ = {
			isa = PBXGroup;
			children = (
				C528550026B2F269006F67C2 /* MyMemo.app */,
				C528551926B2F269006F67C2 /* MyMemoTests.xctest */,
				C528552326B2F269006F67C2 /* MyMemoUITests.xctest */,
			);
			name = Products;
			sourceTree = "<group>";
		};
		C528550226B2F269006F67C2 /* MyMemo */ = {
			isa = PBXGroup;
			children = (
				C528550326B2F269006F67C2 /* AppDelegate.swift */,
				C528550526B2F269006F67C2 /* SceneDelegate.swift */,
				C528550926B2F269006F67C2 /* Main.storyboard */,
				C528550F26B2F269006F67C2 /* Assets.xcassets */,
				C528551126B2F269006F67C2 /* LaunchScreen.storyboard */,
				C528551426B2F269006F67C2 /* Info.plist */,
				C528550C26B2F269006F67C2 /* MyMemo.xcdatamodeld */,
				C57D652526B6F3E600C05AE4 /* MemoListVC.swift */,
				C57D652926B6F4B400C05AE4 /* MemoData.swift */,
				C57D652726B6F43500C05AE4 /* MemoCell.swift */,
				C506FB4226BE708800EAF33C /* CSLogButtton.swift */,
				C57D652126B6F37D00C05AE4 /* MemoWriteVC.swift */,
				C57D652326B6F39E00C05AE4 /* MemoReadVC.swift */,
			);
			path = MyMemo;
			sourceTree = "<group>";
		};
		C528551C26B2F269006F67C2 /* MyMemoTests */ = {
			isa = PBXGroup;
			children = (
				C528551D26B2F269006F67C2 /* MyMemoTests.swift */,
			);
			path = MyMemoTests;
			sourceTree = "<group>";
		};
		C528552626B2F269006F67C2 /* MyMemoUITests */ = {
			isa = PBXGroup;
			children = (
				C528552726B2F269006F67C2 /* MyMemoUITests.swift */,
			);
			path = MyMemoUITests;
			sourceTree = "<group>";
		};
/* End PBXGroup section */

/* Begin PBXNativeTarget section */
		C52854FF26B2F269006F67C2 /* MyMemo */ = {
			isa = PBXNativeTarget;
			buildConfigurationList = C528552B26B2F269006F67C2 /* Build configuration list for PBXNativeTarget "MyMemo" */;
			buildPhases = (
				C52854FC26B2F269006F67C2 /* Sources */,
				C52854FD26B2F269006F67C2 /* Frameworks */,
				C52854FE26B2F269006F67C2 /* Resources */,
			);
			buildRules = (
			);
			dependencies = (
			);
			name = MyMemo;
			productName = MyMemo;
			productReference = C528550026B2F269006F67C2 /* MyMemo.app */;
			productType = "com.apple.product-type.application";
		};
		C528551826B2F269006F67C2 /* MyMemoTests */ = {
			isa = PBXNativeTarget;
			buildConfigurationList = C528552E26B2F269006F67C2 /* Build configuration list for PBXNativeTarget "MyMemoTests" */;
			buildPhases = (
				C528551526B2F269006F67C2 /* Sources */,
				C528551626B2F269006F67C2 /* Frameworks */,
				C528551726B2F269006F67C2 /* Resources */,
			);
			buildRules = (
			);
			dependencies = (
				C528551B26B2F269006F67C2 /* PBXTargetDependency */,
			);
			name = MyMemoTests;
			productName = MyMemoTests;
			productReference = C528551926B2F269006F67C2 /* MyMemoTests.xctest */;
			productType = "com.apple.product-type.bundle.unit-test";
		};
		C528552226B2F269006F67C2 /* MyMemoUITests */ = {
			isa = PBXNativeTarget;
			buildConfigurationList = C528553126B2F269006F67C2 /* Build configuration list for PBXNativeTarget "MyMemoUITests" */;
			buildPhases = (
				C528551F26B2F269006F67C2 /* Sources */,
				C528552026B2F269006F67C2 /* Frameworks */,
				C528552126B2F269006F67C2 /* Resources */,
			);
			buildRules = (
			);
			dependencies = (
				C528552526B2F269006F67C2 /* PBXTargetDependency */,
			);
			name = MyMemoUITests;
			productName = MyMemoUITests;
			productReference = C528552326B2F269006F67C2 /* MyMemoUITests.xctest */;
			productType = "com.apple.product-type.bundle.ui-testing";
		};
/* End PBXNativeTarget section */

/* Begin PBXProject section */
		C52854F826B2F269006F67C2 /* Project object */ = {
			isa = PBXProject;
			attributes = {
				BuildIndependentTargetsInParallel = 1;
				LastSwiftUpdateCheck = 1300;
				LastUpgradeCheck = 1300;
				TargetAttributes = {
					C52854FF26B2F269006F67C2 = {
						CreatedOnToolsVersion = 13.0;
					};
					C528551826B2F269006F67C2 = {
						CreatedOnToolsVersion = 13.0;
						TestTargetID = C52854FF26B2F269006F67C2;
					};
					C528552226B2F269006F67C2 = {
						CreatedOnToolsVersion = 13.0;
						TestTargetID = C52854FF26B2F269006F67C2;
					};
				};
			};
			buildConfigurationList = C52854FB26B2F269006F67C2 /* Build configuration list for PBXProject "MyMemo" */;
			compatibilityVersion = "Xcode 13.0";
			developmentRegion = en;
			hasScannedForEncodings = 0;
			knownRegions = (
				en,
				Base,
			);
			mainGroup = C52854F726B2F269006F67C2;
			productRefGroup = C528550126B2F269006F67C2 /* Products */;
			projectDirPath = "";
			projectRoot = "";
			targets = (
				C52854FF26B2F269006F67C2 /* MyMemo */,
				C528551826B2F269006F67C2 /* MyMemoTests */,
				C528552226B2F269006F67C2 /* MyMemoUITests */,
			);
		};
/* End PBXProject section */

/* Begin PBXResourcesBuildPhase section */
		C52854FE26B2F269006F67C2 /* Resources */ = {
			isa = PBXResourcesBuildPhase;
			buildActionMask = 2147483647;
			files = (
				C528551326B2F269006F67C2 /* LaunchScreen.storyboard in Resources */,
				C528551026B2F269006F67C2 /* Assets.xcassets in Resources */,
				C528550B26B2F269006F67C2 /* Main.storyboard in Resources */,
			);
			runOnlyForDeploymentPostprocessing = 0;
		};
		C528551726B2F269006F67C2 /* Resources */ = {
			isa = PBXResourcesBuildPhase;
			buildActionMask = 2147483647;
			files = (
			);
			runOnlyForDeploymentPostprocessing = 0;
		};
		C528552126B2F269006F67C2 /* Resources */ = {
			isa = PBXResourcesBuildPhase;
			buildActionMask = 2147483647;
			files = (
			);
			runOnlyForDeploymentPostprocessing = 0;
		};
/* End PBXResourcesBuildPhase section */

/* Begin PBXSourcesBuildPhase section */
		C52854FC26B2F269006F67C2 /* Sources */ = {
			isa = PBXSourcesBuildPhase;
			buildActionMask = 2147483647;
			files = (
				C57D652826B6F43500C05AE4 /* MemoCell.swift in Sources */,
				C506FB4326BE708800EAF33C /* CSLogButtton.swift in Sources */,
				C57D652A26B6F4B400C05AE4 /* MemoData.swift in Sources */,
				C57D652626B6F3E600C05AE4 /* MemoListVC.swift in Sources */,
				C528550426B2F269006F67C2 /* AppDelegate.swift in Sources */,
				C57D652426B6F39E00C05AE4 /* MemoReadVC.swift in Sources */,
				C528550626B2F269006F67C2 /* SceneDelegate.swift in Sources */,
				C528550E26B2F269006F67C2 /* MyMemo.xcdatamodeld in Sources */,
				C57D652226B6F37D00C05AE4 /* MemoWriteVC.swift in Sources */,
			);
			runOnlyForDeploymentPostprocessing = 0;
		};
		C528551526B2F269006F67C2 /* Sources */ = {
			isa = PBXSourcesBuildPhase;
			buildActionMask = 2147483647;
			files = (
				C528551E26B2F269006F67C2 /* MyMemoTests.swift in Sources */,
			);
			runOnlyForDeploymentPostprocessing = 0;
		};
		C528551F26B2F269006F67C2 /* Sources */ = {
			isa = PBXSourcesBuildPhase;
			buildActionMask = 2147483647;
			files = (
				C528552826B2F269006F67C2 /* MyMemoUITests.swift in Sources */,
			);
			runOnlyForDeploymentPostprocessing = 0;
		};
/* End PBXSourcesBuildPhase section */

/* Begin PBXTargetDependency section */
		C528551B26B2F269006F67C2 /* PBXTargetDependency */ = {
			isa = PBXTargetDependency;
			target = C52854FF26B2F269006F67C2 /* MyMemo */;
			targetProxy = C528551A26B2F269006F67C2 /* PBXContainerItemProxy */;
		};
		C528552526B2F269006F67C2 /* PBXTargetDependency */ = {
			isa = PBXTargetDependency;
			target = C52854FF26B2F269006F67C2 /* MyMemo */;
			targetProxy = C528552426B2F269006F67C2 /* PBXContainerItemProxy */;
		};
/* End PBXTargetDependency section */

/* Begin PBXVariantGroup section */
		C528550926B2F269006F67C2 /* Main.storyboard */ = {
			isa = PBXVariantGroup;
			children = (
				C528550A26B2F269006F67C2 /* Base */,
			);
			name = Main.storyboard;
			sourceTree = "<group>";
		};
		C528551126B2F269006F67C2 /* LaunchScreen.storyboard */ = {
			isa = PBXVariantGroup;
			children = (
				C528551226B2F269006F67C2 /* Base */,
			);
			name = LaunchScreen.storyboard;
			sourceTree = "<group>";
		};
/* End PBXVariantGroup section */

/* Begin XCBuildConfiguration section */
		C528552926B2F269006F67C2 /* Debug */ = {
			isa = XCBuildConfiguration;
			buildSettings = {
				ALWAYS_SEARCH_USER_PATHS = NO;
				CLANG_ANALYZER_NONNULL = YES;
				CLANG_ANALYZER_NUMBER_OBJECT_CONVERSION = YES_AGGRESSIVE;
				CLANG_CXX_LANGUAGE_STANDARD = "gnu++17";
				CLANG_CXX_LIBRARY = "libc++";
				CLANG_ENABLE_MODULES = YES;
				CLANG_ENABLE_OBJC_ARC = YES;
				CLANG_ENABLE_OBJC_WEAK = YES;
				CLANG_WARN_BLOCK_CAPTURE_AUTORELEASING = YES;
				CLANG_WARN_BOOL_CONVERSION = YES;
				CLANG_WARN_COMMA = YES;
				CLANG_WARN_CONSTANT_CONVERSION = YES;
				CLANG_WARN_DEPRECATED_OBJC_IMPLEMENTATIONS = YES;
				CLANG_WARN_DIRECT_OBJC_ISA_USAGE = YES_ERROR;
				CLANG_WARN_DOCUMENTATION_COMMENTS = YES;
				CLANG_WARN_EMPTY_BODY = YES;
				CLANG_WARN_ENUM_CONVERSION = YES;
				CLANG_WARN_INFINITE_RECURSION = YES;
				CLANG_WARN_INT_CONVERSION = YES;
				CLANG_WARN_NON_LITERAL_NULL_CONVERSION = YES;
				CLANG_WARN_OBJC_IMPLICIT_RETAIN_SELF = YES;
				CLANG_WARN_OBJC_LITERAL_CONVERSION = YES;
				CLANG_WARN_OBJC_ROOT_CLASS = YES_ERROR;
				CLANG_WARN_QUOTED_INCLUDE_IN_FRAMEWORK_HEADER = YES;
				CLANG_WARN_RANGE_LOOP_ANALYSIS = YES;
				CLANG_WARN_STRICT_PROTOTYPES = YES;
				CLANG_WARN_SUSPICIOUS_MOVE = YES;
				CLANG_WARN_UNGUARDED_AVAILABILITY = YES_AGGRESSIVE;
				CLANG_WARN_UNREACHABLE_CODE = YES;
				CLANG_WARN__DUPLICATE_METHOD_MATCH = YES;
				COPY_PHASE_STRIP = NO;
				DEBUG_INFORMATION_FORMAT = dwarf;
				ENABLE_STRICT_OBJC_MSGSEND = YES;
				ENABLE_TESTABILITY = YES;
				GCC_C_LANGUAGE_STANDARD = gnu11;
				GCC_DYNAMIC_NO_PIC = NO;
				GCC_NO_COMMON_BLOCKS = YES;
				GCC_OPTIMIZATION_LEVEL = 0;
				GCC_PREPROCESSOR_DEFINITIONS = (
					"DEBUG=1",
					"$(inherited)",
				);
				GCC_WARN_64_TO_32_BIT_CONVERSION = YES;
				GCC_WARN_ABOUT_RETURN_TYPE = YES_ERROR;
				GCC_WARN_UNDECLARED_SELECTOR = YES;
				GCC_WARN_UNINITIALIZED_AUTOS = YES_AGGRESSIVE;
				GCC_WARN_UNUSED_FUNCTION = YES;
				GCC_WARN_UNUSED_VARIABLE = YES;
				IPHONEOS_DEPLOYMENT_TARGET = 15.0;
				MTL_ENABLE_DEBUG_INFO = INCLUDE_SOURCE;
				MTL_FAST_MATH = YES;
				ONLY_ACTIVE_ARCH = YES;
				SDKROOT = iphoneos;
				SWIFT_ACTIVE_COMPILATION_CONDITIONS = DEBUG;
				SWIFT_OPTIMIZATION_LEVEL = "-Onone";
			};
			name = Debug;
		};
		C528552A26B2F269006F67C2 /* Release */ = {
			isa = XCBuildConfiguration;
			buildSettings = {
				ALWAYS_SEARCH_USER_PATHS = NO;
				CLANG_ANALYZER_NONNULL = YES;
				CLANG_ANALYZER_NUMBER_OBJECT_CONVERSION = YES_AGGRESSIVE;
				CLANG_CXX_LANGUAGE_STANDARD = "gnu++17";
				CLANG_CXX_LIBRARY = "libc++";
				CLANG_ENABLE_MODULES = YES;
				CLANG_ENABLE_OBJC_ARC = YES;
				CLANG_ENABLE_OBJC_WEAK = YES;
				CLANG_WARN_BLOCK_CAPTURE_AUTORELEASING = YES;
				CLANG_WARN_BOOL_CONVERSION = YES;
				CLANG_WARN_COMMA = YES;
				CLANG_WARN_CONSTANT_CONVERSION = YES;
				CLANG_WARN_DEPRECATED_OBJC_IMPLEMENTATIONS = YES;
				CLANG_WARN_DIRECT_OBJC_ISA_USAGE = YES_ERROR;
				CLANG_WARN_DOCUMENTATION_COMMENTS = YES;
				CLANG_WARN_EMPTY_BODY = YES;
				CLANG_WARN_ENUM_CONVERSION = YES;
				CLANG_WARN_INFINITE_RECURSION = YES;
				CLANG_WARN_INT_CONVERSION = YES;
				CLANG_WARN_NON_LITERAL_NULL_CONVERSION = YES;
				CLANG_WARN_OBJC_IMPLICIT_RETAIN_SELF = YES;
				CLANG_WARN_OBJC_LITERAL_CONVERSION = YES;
				CLANG_WARN_OBJC_ROOT_CLASS = YES_ERROR;
				CLANG_WARN_QUOTED_INCLUDE_IN_FRAMEWORK_HEADER = YES;
				CLANG_WARN_RANGE_LOOP_ANALYSIS = YES;
				CLANG_WARN_STRICT_PROTOTYPES = YES;
				CLANG_WARN_SUSPICIOUS_MOVE = YES;
				CLANG_WARN_UNGUARDED_AVAILABILITY = YES_AGGRESSIVE;
				CLANG_WARN_UNREACHABLE_CODE = YES;
				CLANG_WARN__DUPLICATE_METHOD_MATCH = YES;
				COPY_PHASE_STRIP = NO;
				DEBUG_INFORMATION_FORMAT = "dwarf-with-dsym";
				ENABLE_NS_ASSERTIONS = NO;
				ENABLE_STRICT_OBJC_MSGSEND = YES;
				GCC_C_LANGUAGE_STANDARD = gnu11;
				GCC_NO_COMMON_BLOCKS = YES;
				GCC_WARN_64_TO_32_BIT_CONVERSION = YES;
				GCC_WARN_ABOUT_RETURN_TYPE = YES_ERROR;
				GCC_WARN_UNDECLARED_SELECTOR = YES;
				GCC_WARN_UNINITIALIZED_AUTOS = YES_AGGRESSIVE;
				GCC_WARN_UNUSED_FUNCTION = YES;
				GCC_WARN_UNUSED_VARIABLE = YES;
				IPHONEOS_DEPLOYMENT_TARGET = 15.0;
				MTL_ENABLE_DEBUG_INFO = NO;
				MTL_FAST_MATH = YES;
				SDKROOT = iphoneos;
				SWIFT_COMPILATION_MODE = wholemodule;
				SWIFT_OPTIMIZATION_LEVEL = "-O";
				VALIDATE_PRODUCT = YES;
			};
			name = Release;
		};
		C528552C26B2F269006F67C2 /* Debug */ = {
			isa = XCBuildConfiguration;
			buildSettings = {
				ASSETCATALOG_COMPILER_APPICON_NAME = AppIcon;
				ASSETCATALOG_COMPILER_GLOBAL_ACCENT_COLOR_NAME = AccentColor;
				CODE_SIGN_STYLE = Automatic;
				CURRENT_PROJECT_VERSION = 1;
				DEVELOPMENT_TEAM = LL567L987T;
				GENERATE_INFOPLIST_FILE = YES;
				INFOPLIST_FILE = MyMemo/Info.plist;
				INFOPLIST_KEY_CFBundleDisplayName = MinmonMemo;
				INFOPLIST_KEY_NSCameraUsageDescription = "";
				INFOPLIST_KEY_UIApplicationSupportsIndirectInputEvents = YES;
				INFOPLIST_KEY_UILaunchStoryboardName = LaunchScreen;
				INFOPLIST_KEY_UIMainStoryboardFile = Main;
				INFOPLIST_KEY_UISupportedInterfaceOrientations_iPad = "UIInterfaceOrientationPortrait UIInterfaceOrientationPortraitUpsideDown UIInterfaceOrientationLandscapeLeft UIInterfaceOrientationLandscapeRight";
				INFOPLIST_KEY_UISupportedInterfaceOrientations_iPhone = "UIInterfaceOrientationPortrait UIInterfaceOrientationLandscapeLeft UIInterfaceOrientationLandscapeRight";
				LD_RUNPATH_SEARCH_PATHS = (
					"$(inherited)",
					"@executable_path/Frameworks",
				);
				MARKETING_VERSION = 1.0;
				PRODUCT_BUNDLE_IDENTIFIER = minmon.MyMemo;
				PRODUCT_NAME = "$(TARGET_NAME)";
				SWIFT_EMIT_LOC_STRINGS = YES;
				SWIFT_VERSION = 5.0;
				TARGETED_DEVICE_FAMILY = "1,2";
			};
			name = Debug;
		};
		C528552D26B2F269006F67C2 /* Release */ = {
			isa = XCBuildConfiguration;
			buildSettings = {
				ASSETCATALOG_COMPILER_APPICON_NAME = AppIcon;
				ASSETCATALOG_COMPILER_GLOBAL_ACCENT_COLOR_NAME = AccentColor;
				CODE_SIGN_STYLE = Automatic;
				CURRENT_PROJECT_VERSION = 1;
				DEVELOPMENT_TEAM = LL567L987T;
				GENERATE_INFOPLIST_FILE = YES;
				INFOPLIST_FILE = MyMemo/Info.plist;
				INFOPLIST_KEY_CFBundleDisplayName = MinmonMemo;
				INFOPLIST_KEY_NSCameraUsageDescription = "";
				INFOPLIST_KEY_UIApplicationSupportsIndirectInputEvents = YES;
				INFOPLIST_KEY_UILaunchStoryboardName = LaunchScreen;
				INFOPLIST_KEY_UIMainStoryboardFile = Main;
				INFOPLIST_KEY_UISupportedInterfaceOrientations_iPad = "UIInterfaceOrientationPortrait UIInterfaceOrientationPortraitUpsideDown UIInterfaceOrientationLandscapeLeft UIInterfaceOrientationLandscapeRight";
				INFOPLIST_KEY_UISupportedInterfaceOrientations_iPhone = "UIInterfaceOrientationPortrait UIInterfaceOrientationLandscapeLeft UIInterfaceOrientationLandscapeRight";
				LD_RUNPATH_SEARCH_PATHS = (
					"$(inherited)",
					"@executable_path/Frameworks",
				);
				MARKETING_VERSION = 1.0;
				PRODUCT_BUNDLE_IDENTIFIER = minmon.MyMemo;
				PRODUCT_NAME = "$(TARGET_NAME)";
				SWIFT_EMIT_LOC_STRINGS = YES;
				SWIFT_VERSION = 5.0;
				TARGETED_DEVICE_FAMILY = "1,2";
			};
			name = Release;
		};
		C528552F26B2F269006F67C2 /* Debug */ = {
			isa = XCBuildConfiguration;
			buildSettings = {
				ALWAYS_EMBED_SWIFT_STANDARD_LIBRARIES = YES;
				BUNDLE_LOADER = "$(TEST_HOST)";
				CODE_SIGN_STYLE = Automatic;
				CURRENT_PROJECT_VERSION = 1;
				DEVELOPMENT_TEAM = LL567L987T;
				GENERATE_INFOPLIST_FILE = YES;
				IPHONEOS_DEPLOYMENT_TARGET = 15.0;
				LD_RUNPATH_SEARCH_PATHS = (
					"$(inherited)",
					"@executable_path/Frameworks",
					"@loader_path/Frameworks",
				);
				MARKETING_VERSION = 1.0;
				PRODUCT_BUNDLE_IDENTIFIER = minmon.MyMemoTests;
				PRODUCT_NAME = "$(TARGET_NAME)";
				SWIFT_EMIT_LOC_STRINGS = NO;
				SWIFT_VERSION = 5.0;
				TARGETED_DEVICE_FAMILY = "1,2";
				TEST_HOST = "$(BUILT_PRODUCTS_DIR)/MyMemo.app/MyMemo";
			};
			name = Debug;
		};
		C528553026B2F269006F67C2 /* Release */ = {
			isa = XCBuildConfiguration;
			buildSettings = {
				ALWAYS_EMBED_SWIFT_STANDARD_LIBRARIES = YES;
				BUNDLE_LOADER = "$(TEST_HOST)";
				CODE_SIGN_STYLE = Automatic;
				CURRENT_PROJECT_VERSION = 1;
				DEVELOPMENT_TEAM = LL567L987T;
				GENERATE_INFOPLIST_FILE = YES;
				IPHONEOS_DEPLOYMENT_TARGET = 15.0;
				LD_RUNPATH_SEARCH_PATHS = (
					"$(inherited)",
					"@executable_path/Frameworks",
					"@loader_path/Frameworks",
				);
				MARKETING_VERSION = 1.0;
				PRODUCT_BUNDLE_IDENTIFIER = minmon.MyMemoTests;
				PRODUCT_NAME = "$(TARGET_NAME)";
				SWIFT_EMIT_LOC_STRINGS = NO;
				SWIFT_VERSION = 5.0;
				TARGETED_DEVICE_FAMILY = "1,2";
				TEST_HOST = "$(BUILT_PRODUCTS_DIR)/MyMemo.app/MyMemo";
			};
			name = Release;
		};
		C528553226B2F269006F67C2 /* Debug */ = {
			isa = XCBuildConfiguration;
			buildSettings = {
				ALWAYS_EMBED_SWIFT_STANDARD_LIBRARIES = YES;
				CODE_SIGN_STYLE = Automatic;
				CURRENT_PROJECT_VERSION = 1;
				DEVELOPMENT_TEAM = LL567L987T;
				GENERATE_INFOPLIST_FILE = YES;
				LD_RUNPATH_SEARCH_PATHS = (
					"$(inherited)",
					"@executable_path/Frameworks",
					"@loader_path/Frameworks",
				);
				MARKETING_VERSION = 1.0;
				PRODUCT_BUNDLE_IDENTIFIER = minmon.MyMemoUITests;
				PRODUCT_NAME = "$(TARGET_NAME)";
				SWIFT_EMIT_LOC_STRINGS = NO;
				SWIFT_VERSION = 5.0;
				TARGETED_DEVICE_FAMILY = "1,2";
				TEST_TARGET_NAME = MyMemo;
			};
			name = Debug;
		};
		C528553326B2F269006F67C2 /* Release */ = {
			isa = XCBuildConfiguration;
			buildSettings = {
				ALWAYS_EMBED_SWIFT_STANDARD_LIBRARIES = YES;
				CODE_SIGN_STYLE = Automatic;
				CURRENT_PROJECT_VERSION = 1;
				DEVELOPMENT_TEAM = LL567L987T;
				GENERATE_INFOPLIST_FILE = YES;
				LD_RUNPATH_SEARCH_PATHS = (
					"$(inherited)",
					"@executable_path/Frameworks",
					"@loader_path/Frameworks",
				);
				MARKETING_VERSION = 1.0;
				PRODUCT_BUNDLE_IDENTIFIER = minmon.MyMemoUITests;
				PRODUCT_NAME = "$(TARGET_NAME)";
				SWIFT_EMIT_LOC_STRINGS = NO;
				SWIFT_VERSION = 5.0;
				TARGETED_DEVICE_FAMILY = "1,2";
				TEST_TARGET_NAME = MyMemo;
			};
			name = Release;
		};
/* End XCBuildConfiguration section */

/* Begin XCConfigurationList section */
		C52854FB26B2F269006F67C2 /* Build configuration list for PBXProject "MyMemo" */ = {
			isa = XCConfigurationList;
			buildConfigurations = (
				C528552926B2F269006F67C2 /* Debug */,
				C528552A26B2F269006F67C2 /* Release */,
			);
			defaultConfigurationIsVisible = 0;
			defaultConfigurationName = Release;
		};
		C528552B26B2F269006F67C2 /* Build configuration list for PBXNativeTarget "MyMemo" */ = {
			isa = XCConfigurationList;
			buildConfigurations = (
				C528552C26B2F269006F67C2 /* Debug */,
				C528552D26B2F269006F67C2 /* Release */,
			);
			defaultConfigurationIsVisible = 0;
			defaultConfigurationName = Release;
		};
		C528552E26B2F269006F67C2 /* Build configuration list for PBXNativeTarget "MyMemoTests" */ = {
			isa = XCConfigurationList;
			buildConfigurations = (
				C528552F26B2F269006F67C2 /* Debug */,
				C528553026B2F269006F67C2 /* Release */,
			);
			defaultConfigurationIsVisible = 0;
			defaultConfigurationName = Release;
		};
		C528553126B2F269006F67C2 /* Build configuration list for PBXNativeTarget "MyMemoUITests" */ = {
			isa = XCConfigurationList;
			buildConfigurations = (
				C528553226B2F269006F67C2 /* Debug */,
				C528553326B2F269006F67C2 /* Release */,
			);
			defaultConfigurationIsVisible = 0;
			defaultConfigurationName = Release;
		};
/* End XCConfigurationList section */

/* Begin XCVersionGroup section */
		C528550C26B2F269006F67C2 /* MyMemo.xcdatamodeld */ = {
			isa = XCVersionGroup;
			children = (
				C528550D26B2F269006F67C2 /* MyMemo.xcdatamodel */,
			);
			currentVersion = C528550D26B2F269006F67C2 /* MyMemo.xcdatamodel */;
			path = MyMemo.xcdatamodeld;
			sourceTree = "<group>";
			versionGroupType = wrapper.xcdatamodel;
		};
/* End XCVersionGroup section */
	};
	rootObject = C52854F826B2F269006F67C2 /* Project object */;
}
